// !$*UTF8*$!
{
	archiveVersion = 1;
	classes = {
	};
	objectVersion = 55;
	objects = {

/* Begin PBXBuildFile section */
		BC69D44928CDEA9D0087A312 /* StartViewController.swift in Sources */ = {isa = PBXBuildFile; fileRef = BC69D44828CDEA9D0087A312 /* StartViewController.swift */; };
		BCF8621A28C9151B00E77324 /* AppDelegate.swift in Sources */ = {isa = PBXBuildFile; fileRef = BCF8621928C9151B00E77324 /* AppDelegate.swift */; };
		BCF8621C28C9151B00E77324 /* GameScene.sks in Resources */ = {isa = PBXBuildFile; fileRef = BCF8621B28C9151B00E77324 /* GameScene.sks */; };
		BCF8621E28C9151B00E77324 /* Actions.sks in Resources */ = {isa = PBXBuildFile; fileRef = BCF8621D28C9151B00E77324 /* Actions.sks */; };
		BCF8622028C9151B00E77324 /* GameScene.swift in Sources */ = {isa = PBXBuildFile; fileRef = BCF8621F28C9151B00E77324 /* GameScene.swift */; };
		BCF8622228C9151B00E77324 /* GameViewController.swift in Sources */ = {isa = PBXBuildFile; fileRef = BCF8622128C9151B00E77324 /* GameViewController.swift */; };
		BCF8622528C9151B00E77324 /* Main.storyboard in Resources */ = {isa = PBXBuildFile; fileRef = BCF8622328C9151B00E77324 /* Main.storyboard */; };
		BCF8622728C9151C00E77324 /* Assets.xcassets in Resources */ = {isa = PBXBuildFile; fileRef = BCF8622628C9151C00E77324 /* Assets.xcassets */; };
		BCF8622A28C9151C00E77324 /* LaunchScreen.storyboard in Resources */ = {isa = PBXBuildFile; fileRef = BCF8622828C9151C00E77324 /* LaunchScreen.storyboard */; };
/* End PBXBuildFile section */

/* Begin PBXFileReference section */
		BC69D44828CDEA9D0087A312 /* StartViewController.swift */ = {isa = PBXFileReference; lastKnownFileType = sourcecode.swift; path = StartViewController.swift; sourceTree = "<group>"; };
		BCF8621628C9151B00E77324 /* GetAnApple3.app */ = {isa = PBXFileReference; explicitFileType = wrapper.application; includeInIndex = 0; path = GetAnApple3.app; sourceTree = BUILT_PRODUCTS_DIR; };
		BCF8621928C9151B00E77324 /* AppDelegate.swift */ = {isa = PBXFileReference; lastKnownFileType = sourcecode.swift; path = AppDelegate.swift; sourceTree = "<group>"; };
		BCF8621B28C9151B00E77324 /* GameScene.sks */ = {isa = PBXFileReference; lastKnownFileType = file.sks; path = GameScene.sks; sourceTree = "<group>"; };
		BCF8621D28C9151B00E77324 /* Actions.sks */ = {isa = PBXFileReference; lastKnownFileType = file.sks; path = Actions.sks; sourceTree = "<group>"; };
		BCF8621F28C9151B00E77324 /* GameScene.swift */ = {isa = PBXFileReference; lastKnownFileType = sourcecode.swift; path = GameScene.swift; sourceTree = "<group>"; };
		BCF8622128C9151B00E77324 /* GameViewController.swift */ = {isa = PBXFileReference; lastKnownFileType = sourcecode.swift; path = GameViewController.swift; sourceTree = "<group>"; };
		BCF8622428C9151B00E77324 /* Base */ = {isa = PBXFileReference; lastKnownFileType = file.storyboard; name = Base; path = Base.lproj/Main.storyboard; sourceTree = "<group>"; };
		BCF8622628C9151C00E77324 /* Assets.xcassets */ = {isa = PBXFileReference; lastKnownFileType = folder.assetcatalog; path = Assets.xcassets; sourceTree = "<group>"; };
		BCF8622928C9151C00E77324 /* Base */ = {isa = PBXFileReference; lastKnownFileType = file.storyboard; name = Base; path = Base.lproj/LaunchScreen.storyboard; sourceTree = "<group>"; };
/* End PBXFileReference section */

/* Begin PBXFrameworksBuildPhase section */
		BCF8621328C9151B00E77324 /* Frameworks */ = {
			isa = PBXFrameworksBuildPhase;
			buildActionMask = 2147483647;
			files = (
			);
			runOnlyForDeploymentPostprocessing = 0;
		};
/* End PBXFrameworksBuildPhase section */

/* Begin PBXGroup section */
		BC69D44A28CDEBA20087A312 /* Controller */ = {
			isa = PBXGroup;
			children = (
				BCF8622128C9151B00E77324 /* GameViewController.swift */,
				BC69D44828CDEA9D0087A312 /* StartViewController.swift */,
			);
			path = Controller;
			sourceTree = "<group>";
		};
		BC69D44B28CDEBB70087A312 /* View */ = {
			isa = PBXGroup;
			children = (
				BCF8622328C9151B00E77324 /* Main.storyboard */,
			);
			path = View;
			sourceTree = "<group>";
		};
		BC69D44C28CDEBBF0087A312 /* Model */ = {
			isa = PBXGroup;
			children = (
				BCF8621F28C9151B00E77324 /* GameScene.swift */,
			);
			path = Model;
			sourceTree = "<group>";
		};
		BCF8620D28C9151B00E77324 = {
			isa = PBXGroup;
			children = (
				BCF8621828C9151B00E77324 /* CatchMeIfYouCan */,
				BCF8621728C9151B00E77324 /* Products */,
			);
			sourceTree = "<group>";
		};
		BCF8621728C9151B00E77324 /* Products */ = {
			isa = PBXGroup;
			children = (
				BCF8621628C9151B00E77324 /* GetAnApple3.app */,
			);
			name = Products;
			sourceTree = "<group>";
		};
		BCF8621828C9151B00E77324 /* CatchMeIfYouCan */ = {
			isa = PBXGroup;
			children = (
				BCF8621928C9151B00E77324 /* AppDelegate.swift */,
				BCF8621B28C9151B00E77324 /* GameScene.sks */,
				BCF8621D28C9151B00E77324 /* Actions.sks */,
				BC69D44C28CDEBBF0087A312 /* Model */,
				BC69D44B28CDEBB70087A312 /* View */,
				BC69D44A28CDEBA20087A312 /* Controller */,
				BCF8622628C9151C00E77324 /* Assets.xcassets */,
				BCF8622828C9151C00E77324 /* LaunchScreen.storyboard */,
			);
			path = CatchMeIfYouCan;
			sourceTree = "<group>";
		};
/* End PBXGroup section */

/* Begin PBXNativeTarget section */
		BCF8621528C9151B00E77324 /* CatchMeIfYouCan */ = {
			isa = PBXNativeTarget;
			buildConfigurationList = BCF8622D28C9151C00E77324 /* Build configuration list for PBXNativeTarget "CatchMeIfYouCan" */;
			buildPhases = (
				BCF8621228C9151B00E77324 /* Sources */,
				BCF8621328C9151B00E77324 /* Frameworks */,
				BCF8621428C9151B00E77324 /* Resources */,
			);
			buildRules = (
			);
			dependencies = (
			);
			name = CatchMeIfYouCan;
			productName = "Get An Apple";
			productReference = BCF8621628C9151B00E77324 /* GetAnApple3.app */;
			productType = "com.apple.product-type.application";
		};
/* End PBXNativeTarget section */

/* Begin PBXProject section */
		BCF8620E28C9151B00E77324 /* Project object */ = {
			isa = PBXProject;
			attributes = {
				BuildIndependentTargetsInParallel = 1;
				LastSwiftUpdateCheck = 1340;
				LastUpgradeCheck = 1340;
				TargetAttributes = {
					BCF8621528C9151B00E77324 = {
						CreatedOnToolsVersion = 13.4.1;
					};
				};
			};
			buildConfigurationList = BCF8621128C9151B00E77324 /* Build configuration list for PBXProject "CatchMeIfYouCan" */;
			compatibilityVersion = "Xcode 13.0";
			developmentRegion = en;
			hasScannedForEncodings = 0;
			knownRegions = (
				en,
				Base,
			);
			mainGroup = BCF8620D28C9151B00E77324;
			productRefGroup = BCF8621728C9151B00E77324 /* Products */;
			projectDirPath = "";
			projectRoot = "";
			targets = (
				BCF8621528C9151B00E77324 /* CatchMeIfYouCan */,
			);
		};
/* End PBXProject section */

/* Begin PBXResourcesBuildPhase section */
		BCF8621428C9151B00E77324 /* Resources */ = {
			isa = PBXResourcesBuildPhase;
			buildActionMask = 2147483647;
			files = (
				BCF8622528C9151B00E77324 /* Main.storyboard in Resources */,
				BCF8621C28C9151B00E77324 /* GameScene.sks in Resources */,
				BCF8622728C9151C00E77324 /* Assets.xcassets in Resources */,
				BCF8622A28C9151C00E77324 /* LaunchScreen.storyboard in Resources */,
				BCF8621E28C9151B00E77324 /* Actions.sks in Resources */,
			);
			runOnlyForDeploymentPostprocessing = 0;
		};
/* End PBXResourcesBuildPhase section */

/* Begin PBXSourcesBuildPhase section */
		BCF8621228C9151B00E77324 /* Sources */ = {
			isa = PBXSourcesBuildPhase;
			buildActionMask = 2147483647;
			files = (
				BCF8622028C9151B00E77324 /* GameScene.swift in Sources */,
				BC69D44928CDEA9D0087A312 /* StartViewController.swift in Sources */,
				BCF8622228C9151B00E77324 /* GameViewController.swift in Sources */,
				BCF8621A28C9151B00E77324 /* AppDelegate.swift in Sources */,
			);
			runOnlyForDeploymentPostprocessing = 0;
		};
/* End PBXSourcesBuildPhase section */

/* Begin PBXVariantGroup section */
		BCF8622328C9151B00E77324 /* Main.storyboard */ = {
			isa = PBXVariantGroup;
			children = (
				BCF8622428C9151B00E77324 /* Base */,
			);
			name = Main.storyboard;
			sourceTree = "<group>";
		};
		BCF8622828C9151C00E77324 /* LaunchScreen.storyboard */ = {
			isa = PBXVariantGroup;
			children = (
				BCF8622928C9151C00E77324 /* Base */,
			);
			name = LaunchScreen.storyboard;
			sourceTree = "<group>";
		};
/* End PBXVariantGroup section */

/* Begin XCBuildConfiguration section */
		BCF8622B28C9151C00E77324 /* Debug */ = {
			isa = XCBuildConfiguration;
			buildSettings = {
				ALWAYS_SEARCH_USER_PATHS = NO;
				CLANG_ANALYZER_NONNULL = YES;
				CLANG_ANALYZER_NUMBER_OBJECT_CONVERSION = YES_AGGRESSIVE;
				CLANG_CXX_LANGUAGE_STANDARD = "gnu++17";
				CLANG_ENABLE_MODULES = YES;
				CLANG_ENABLE_OBJC_ARC = YES;
				CLANG_ENABLE_OBJC_WEAK = YES;
				CLANG_WARN_BLOCK_CAPTURE_AUTORELEASING = YES;
				CLANG_WARN_BOOL_CONVERSION = YES;
				CLANG_WARN_COMMA = YES;
				CLANG_WARN_CONSTANT_CONVERSION = YES;
				CLANG_WARN_DEPRECATED_OBJC_IMPLEMENTATIONS = YES;
				CLANG_WARN_DIRECT_OBJC_ISA_USAGE = YES_ERROR;
				CLANG_WARN_DOCUMENTATION_COMMENTS = YES;
				CLANG_WARN_EMPTY_BODY = YES;
				CLANG_WARN_ENUM_CONVERSION = YES;
				CLANG_WARN_INFINITE_RECURSION = YES;
				CLANG_WARN_INT_CONVERSION = YES;
				CLANG_WARN_NON_LITERAL_NULL_CONVERSION = YES;
				CLANG_WARN_OBJC_IMPLICIT_RETAIN_SELF = YES;
				CLANG_WARN_OBJC_LITERAL_CONVERSION = YES;
				CLANG_WARN_OBJC_ROOT_CLASS = YES_ERROR;
				CLANG_WARN_QUOTED_INCLUDE_IN_FRAMEWORK_HEADER = YES;
				CLANG_WARN_RANGE_LOOP_ANALYSIS = YES;
				CLANG_WARN_STRICT_PROTOTYPES = YES;
				CLANG_WARN_SUSPICIOUS_MOVE = YES;
				CLANG_WARN_UNGUARDED_AVAILABILITY = YES_AGGRESSIVE;
				CLANG_WARN_UNREACHABLE_CODE = YES;
				CLANG_WARN__DUPLICATE_METHOD_MATCH = YES;
				COPY_PHASE_STRIP = NO;
				DEBUG_INFORMATION_FORMAT = dwarf;
				ENABLE_STRICT_OBJC_MSGSEND = YES;
				ENABLE_TESTABILITY = YES;
				GCC_C_LANGUAGE_STANDARD = gnu11;
				GCC_DYNAMIC_NO_PIC = NO;
				GCC_NO_COMMON_BLOCKS = YES;
				GCC_OPTIMIZATION_LEVEL = 0;
				GCC_PREPROCESSOR_DEFINITIONS = (
					"DEBUG=1",
					"$(inherited)",
				);
				GCC_WARN_64_TO_32_BIT_CONVERSION = YES;
				GCC_WARN_ABOUT_RETURN_TYPE = YES_ERROR;
				GCC_WARN_UNDECLARED_SELECTOR = YES;
				GCC_WARN_UNINITIALIZED_AUTOS = YES_AGGRESSIVE;
				GCC_WARN_UNUSED_FUNCTION = YES;
				GCC_WARN_UNUSED_VARIABLE = YES;
				IPHONEOS_DEPLOYMENT_TARGET = 13.0;
				MTL_ENABLE_DEBUG_INFO = INCLUDE_SOURCE;
				MTL_FAST_MATH = YES;
				ONLY_ACTIVE_ARCH = YES;
				SDKROOT = iphoneos;
				SWIFT_ACTIVE_COMPILATION_CONDITIONS = DEBUG;
				SWIFT_OPTIMIZATION_LEVEL = "-Onone";
			};
			name = Debug;
		};
		BCF8622C28C9151C00E77324 /* Release */ = {
			isa = XCBuildConfiguration;
			buildSettings = {
				ALWAYS_SEARCH_USER_PATHS = NO;
				CLANG_ANALYZER_NONNULL = YES;
				CLANG_ANALYZER_NUMBER_OBJECT_CONVERSION = YES_AGGRESSIVE;
				CLANG_CXX_LANGUAGE_STANDARD = "gnu++17";
				CLANG_ENABLE_MODULES = YES;
				CLANG_ENABLE_OBJC_ARC = YES;
				CLANG_ENABLE_OBJC_WEAK = YES;
				CLANG_WARN_BLOCK_CAPTURE_AUTORELEASING = YES;
				CLANG_WARN_BOOL_CONVERSION = YES;
				CLANG_WARN_COMMA = YES;
				CLANG_WARN_CONSTANT_CONVERSION = YES;
				CLANG_WARN_DEPRECATED_OBJC_IMPLEMENTATIONS = YES;
				CLANG_WARN_DIRECT_OBJC_ISA_USAGE = YES_ERROR;
				CLANG_WARN_DOCUMENTATION_COMMENTS = YES;
				CLANG_WARN_EMPTY_BODY = YES;
				CLANG_WARN_ENUM_CONVERSION = YES;
				CLANG_WARN_INFINITE_RECURSION = YES;
				CLANG_WARN_INT_CONVERSION = YES;
				CLANG_WARN_NON_LITERAL_NULL_CONVERSION = YES;
				CLANG_WARN_OBJC_IMPLICIT_RETAIN_SELF = YES;
				CLANG_WARN_OBJC_LITERAL_CONVERSION = YES;
				CLANG_WARN_OBJC_ROOT_CLASS = YES_ERROR;
				CLANG_WARN_QUOTED_INCLUDE_IN_FRAMEWORK_HEADER = YES;
				CLANG_WARN_RANGE_LOOP_ANALYSIS = YES;
				CLANG_WARN_STRICT_PROTOTYPES = YES;
				CLANG_WARN_SUSPICIOUS_MOVE = YES;
				CLANG_WARN_UNGUARDED_AVAILABILITY = YES_AGGRESSIVE;
				CLANG_WARN_UNREACHABLE_CODE = YES;
				CLANG_WARN__DUPLICATE_METHOD_MATCH = YES;
				COPY_PHASE_STRIP = NO;
				DEBUG_INFORMATION_FORMAT = "dwarf-with-dsym";
				ENABLE_NS_ASSERTIONS = NO;
				ENABLE_STRICT_OBJC_MSGSEND = YES;
				GCC_C_LANGUAGE_STANDARD = gnu11;
				GCC_NO_COMMON_BLOCKS = YES;
				GCC_WARN_64_TO_32_BIT_CONVERSION = YES;
				GCC_WARN_ABOUT_RETURN_TYPE = YES_ERROR;
				GCC_WARN_UNDECLARED_SELECTOR = YES;
				GCC_WARN_UNINITIALIZED_AUTOS = YES_AGGRESSIVE;
				GCC_WARN_UNUSED_FUNCTION = YES;
				GCC_WARN_UNUSED_VARIABLE = YES;
				IPHONEOS_DEPLOYMENT_TARGET = 13.0;
				MTL_ENABLE_DEBUG_INFO = NO;
				MTL_FAST_MATH = YES;
				SDKROOT = iphoneos;
				SWIFT_COMPILATION_MODE = wholemodule;
				SWIFT_OPTIMIZATION_LEVEL = "-O";
				VALIDATE_PRODUCT = YES;
			};
			name = Release;
		};
		BCF8622E28C9151C00E77324 /* Debug */ = {
			isa = XCBuildConfiguration;
			buildSettings = {
				ASSETCATALOG_COMPILER_APPICON_NAME = AppIcon;
				ASSETCATALOG_COMPILER_GLOBAL_ACCENT_COLOR_NAME = AccentColor;
				CODE_SIGN_STYLE = Automatic;
				CURRENT_PROJECT_VERSION = 1;
				DEVELOPMENT_TEAM = TWZARM5JVH;
				GENERATE_INFOPLIST_FILE = YES;
				INFOPLIST_KEY_UIApplicationSupportsIndirectInputEvents = YES;
				INFOPLIST_KEY_UILaunchStoryboardName = LaunchScreen;
				INFOPLIST_KEY_UIMainStoryboardFile = Main;
				INFOPLIST_KEY_UIStatusBarHidden = YES;
				INFOPLIST_KEY_UISupportedInterfaceOrientations = UIInterfaceOrientationPortrait;
				INFOPLIST_KEY_UISupportedInterfaceOrientations_iPad = "UIInterfaceOrientationPortrait UIInterfaceOrientationPortraitUpsideDown UIInterfaceOrientationLandscapeLeft UIInterfaceOrientationLandscapeRight";
				INFOPLIST_KEY_UISupportedInterfaceOrientations_iPhone = "UIInterfaceOrientationPortrait UIInterfaceOrientationLandscapeLeft UIInterfaceOrientationLandscapeRight";
				IPHONEOS_DEPLOYMENT_TARGET = 10.0;
				LD_RUNPATH_SEARCH_PATHS = (
					"$(inherited)",
					"@executable_path/Frameworks",
				);
				MARKETING_VERSION = 1.0;
				PRODUCT_BUNDLE_IDENTIFIER = "AndrewGl.Get-An-Apple";
				PRODUCT_NAME = GetAnApple3;
				SWIFT_EMIT_LOC_STRINGS = YES;
				SWIFT_VERSION = 5.0;
				TARGETED_DEVICE_FAMILY = "1,2";
			};
			name = Debug;
		};
		BCF8622F28C9151C00E77324 /* Release */ = {
			isa = XCBuildConfiguration;
			buildSettings = {
				ASSETCATALOG_COMPILER_APPICON_NAME = AppIcon;
				ASSETCATALOG_COMPILER_GLOBAL_ACCENT_COLOR_NAME = AccentColor;
				CODE_SIGN_STYLE = Automatic;
				CURRENT_PROJECT_VERSION = 1;
				DEVELOPMENT_TEAM = TWZARM5JVH;
				GENERATE_INFOPLIST_FILE = YES;
				INFOPLIST_KEY_UIApplicationSupportsIndirectInputEvents = YES;
				INFOPLIST_KEY_UILaunchStoryboardName = LaunchScreen;
				INFOPLIST_KEY_UIMainStoryboardFile = Main;
				INFOPLIST_KEY_UIStatusBarHidden = YES;
				INFOPLIST_KEY_UISupportedInterfaceOrientations = UIInterfaceOrientationPortrait;
				INFOPLIST_KEY_UISupportedInterfaceOrientations_iPad = "UIInterfaceOrientationPortrait UIInterfaceOrientationPortraitUpsideDown UIInterfaceOrientationLandscapeLeft UIInterfaceOrientationLandscapeRight";
				INFOPLIST_KEY_UISupportedInterfaceOrientations_iPhone = "UIInterfaceOrientationPortrait UIInterfaceOrientationLandscapeLeft UIInterfaceOrientationLandscapeRight";
				IPHONEOS_DEPLOYMENT_TARGET = 10.0;
				LD_RUNPATH_SEARCH_PATHS = (
					"$(inherited)",
					"@executable_path/Frameworks",
				);
				MARKETING_VERSION = 1.0;
				PRODUCT_BUNDLE_IDENTIFIER = "AndrewGl.Get-An-Apple";
				PRODUCT_NAME = GetAnApple3;
				SWIFT_EMIT_LOC_STRINGS = YES;
				SWIFT_VERSION = 5.0;
				TARGETED_DEVICE_FAMILY = "1,2";
			};
			name = Release;
		};
/* End XCBuildConfiguration section */

/* Begin XCConfigurationList section */
		BCF8621128C9151B00E77324 /* Build configuration list for PBXProject "CatchMeIfYouCan" */ = {
			isa = XCConfigurationList;
			buildConfigurations = (
				BCF8622B28C9151C00E77324 /* Debug */,
				BCF8622C28C9151C00E77324 /* Release */,
			);
			defaultConfigurationIsVisible = 0;
			defaultConfigurationName = Release;
		};
		BCF8622D28C9151C00E77324 /* Build configuration list for PBXNativeTarget "CatchMeIfYouCan" */ = {
			isa = XCConfigurationList;
			buildConfigurations = (
				BCF8622E28C9151C00E77324 /* Debug */,
				BCF8622F28C9151C00E77324 /* Release */,
			);
			defaultConfigurationIsVisible = 0;
			defaultConfigurationName = Release;
		};
/* End XCConfigurationList section */
	};
	rootObject = BCF8620E28C9151B00E77324 /* Project object */;
}
